
Microsoft Visual Studio Solution File, Format Version 12.00
# Visual Studio Version 17
VisualStudioVersion = 17.7.34031.279
MinimumVisualStudioVersion = 10.0.40219.1
Project("{FAE04EC0-301F-11D3-BF4B-00C04F79EFBC}") = "Batch1_Project", "Batch1_Project\Batch1_Project.csproj", "{6BB88AD7-8F98-493C-95F0-0E4E41889E92}"
EndProject
Global
	GlobalSection(SolutionConfigurationPlatforms) = preSolution
		Debug|Any CPU = Debug|Any CPU
		Release|Any CPU = Release|Any CPU
	EndGlobalSection
	GlobalSection(ProjectConfigurationPlatforms) = postSolution
		{6BB88AD7-8F98-493C-95F0-0E4E41889E92}.Debug|Any CPU.ActiveCfg = Debug|Any CPU
		{6BB88AD7-8F98-493C-95F0-0E4E41889E92}.Debug|Any CPU.Build.0 = Debug|Any CPU
		{6BB88AD7-8F98-493C-95F0-0E4E41889E92}.Release|Any CPU.ActiveCfg = Release|Any CPU
		{6BB88AD7-8F98-493C-95F0-0E4E41889E92}.Release|Any CPU.Build.0 = Release|Any CPU
	EndGlobalSection
	GlobalSection(SolutionProperties) = preSolution
		HideSolutionNode = FALSE
	EndGlobalSection
	GlobalSection(ExtensibilityGlobals) = postSolution
		SolutionGuid = {08A12000-1621-4C8B-A2BA-92AD05E278A5}
	EndGlobalSection
EndGlobal
